// !$*UTF8*$!
{
	archiveVersion = 1;
	classes = {
	};
	objectVersion = 56;
	objects = {

/* Begin PBXBuildFile section */
		6538F3702B6FEE9400360E18 /* NetworkManager.swift in Sources */ = {isa = PBXBuildFile; fileRef = 6538F36F2B6FEE9400360E18 /* NetworkManager.swift */; };
		6555E3CE2B65AAC60000FBD3 /* GFButton.swift in Sources */ = {isa = PBXBuildFile; fileRef = 6555E3CD2B65AAC60000FBD3 /* GFButton.swift */; };
		6555E3D02B65ADB40000FBD3 /* GFTextField.swift in Sources */ = {isa = PBXBuildFile; fileRef = 6555E3CF2B65ADB40000FBD3 /* GFTextField.swift */; };
		659110662B646FE7003D7713 /* AppDelegate.swift in Sources */ = {isa = PBXBuildFile; fileRef = 659110652B646FE7003D7713 /* AppDelegate.swift */; };
		659110682B646FE7003D7713 /* SceneDelegate.swift in Sources */ = {isa = PBXBuildFile; fileRef = 659110672B646FE7003D7713 /* SceneDelegate.swift */; };
		6591106F2B646FE8003D7713 /* Assets.xcassets in Resources */ = {isa = PBXBuildFile; fileRef = 6591106E2B646FE8003D7713 /* Assets.xcassets */; };
		6591107A2B6476F7003D7713 /* SearchVC.swift in Sources */ = {isa = PBXBuildFile; fileRef = 659110792B6476F7003D7713 /* SearchVC.swift */; };
		6591107C2B64771E003D7713 /* FavoritesListVC.swift in Sources */ = {isa = PBXBuildFile; fileRef = 6591107B2B64771E003D7713 /* FavoritesListVC.swift */; };
		659DBD482B667F3600B0D936 /* FollowersListVC.swift in Sources */ = {isa = PBXBuildFile; fileRef = 659DBD472B667F3600B0D936 /* FollowersListVC.swift */; };
		659DBD4D2B66879900B0D936 /* GFTitleLabel.swift in Sources */ = {isa = PBXBuildFile; fileRef = 659DBD4C2B66879900B0D936 /* GFTitleLabel.swift */; };
		659DBD4F2B66898D00B0D936 /* GFBodyLabel.swift in Sources */ = {isa = PBXBuildFile; fileRef = 659DBD4E2B66898D00B0D936 /* GFBodyLabel.swift */; };
		659DBD512B668A7300B0D936 /* GFAlertVC.swift in Sources */ = {isa = PBXBuildFile; fileRef = 659DBD502B668A7300B0D936 /* GFAlertVC.swift */; };
		659DBD532B6690B400B0D936 /* UIViewController+Ext.swift in Sources */ = {isa = PBXBuildFile; fileRef = 659DBD522B6690B400B0D936 /* UIViewController+Ext.swift */; };
		659DBD5B2B66DE7700B0D936 /* Follower.swift in Sources */ = {isa = PBXBuildFile; fileRef = 659DBD5A2B66DE7700B0D936 /* Follower.swift */; };
		659DBD5D2B66DF3800B0D936 /* User.swift in Sources */ = {isa = PBXBuildFile; fileRef = 659DBD5C2B66DF3800B0D936 /* User.swift */; };
		65FB96C72B77C5B7001D4145 /* ErrorMessage.swift in Sources */ = {isa = PBXBuildFile; fileRef = 65FB96C62B77C5B7001D4145 /* ErrorMessage.swift */; };
		65FB96CA2B782B94001D4145 /* FollowerCell.swift in Sources */ = {isa = PBXBuildFile; fileRef = 65FB96C92B782B94001D4145 /* FollowerCell.swift */; };
		65FB96CC2B782C13001D4145 /* GFAvatarImageView.swift in Sources */ = {isa = PBXBuildFile; fileRef = 65FB96CB2B782C13001D4145 /* GFAvatarImageView.swift */; };
		65FB96CE2B78DE46001D4145 /* UIHelper.swift in Sources */ = {isa = PBXBuildFile; fileRef = 65FB96CD2B78DE46001D4145 /* UIHelper.swift */; };
/* End PBXBuildFile section */

/* Begin PBXFileReference section */
		6538F36F2B6FEE9400360E18 /* NetworkManager.swift */ = {isa = PBXFileReference; lastKnownFileType = sourcecode.swift; path = NetworkManager.swift; sourceTree = "<group>"; };
		6555E3CD2B65AAC60000FBD3 /* GFButton.swift */ = {isa = PBXFileReference; lastKnownFileType = sourcecode.swift; path = GFButton.swift; sourceTree = "<group>"; };
		6555E3CF2B65ADB40000FBD3 /* GFTextField.swift */ = {isa = PBXFileReference; lastKnownFileType = sourcecode.swift; path = GFTextField.swift; sourceTree = "<group>"; };
		659110622B646FE7003D7713 /* GitHub Followers.app */ = {isa = PBXFileReference; explicitFileType = wrapper.application; includeInIndex = 0; path = "GitHub Followers.app"; sourceTree = BUILT_PRODUCTS_DIR; };
		659110652B646FE7003D7713 /* AppDelegate.swift */ = {isa = PBXFileReference; lastKnownFileType = sourcecode.swift; path = AppDelegate.swift; sourceTree = "<group>"; };
		659110672B646FE7003D7713 /* SceneDelegate.swift */ = {isa = PBXFileReference; lastKnownFileType = sourcecode.swift; path = SceneDelegate.swift; sourceTree = "<group>"; };
		6591106E2B646FE8003D7713 /* Assets.xcassets */ = {isa = PBXFileReference; lastKnownFileType = folder.assetcatalog; path = Assets.xcassets; sourceTree = "<group>"; };
		659110732B646FE8003D7713 /* Info.plist */ = {isa = PBXFileReference; lastKnownFileType = text.plist.xml; path = Info.plist; sourceTree = "<group>"; };
		659110792B6476F7003D7713 /* SearchVC.swift */ = {isa = PBXFileReference; lastKnownFileType = sourcecode.swift; path = SearchVC.swift; sourceTree = "<group>"; };
		6591107B2B64771E003D7713 /* FavoritesListVC.swift */ = {isa = PBXFileReference; lastKnownFileType = sourcecode.swift; path = FavoritesListVC.swift; sourceTree = "<group>"; };
		659DBD472B667F3600B0D936 /* FollowersListVC.swift */ = {isa = PBXFileReference; lastKnownFileType = sourcecode.swift; path = FollowersListVC.swift; sourceTree = "<group>"; };
		659DBD4C2B66879900B0D936 /* GFTitleLabel.swift */ = {isa = PBXFileReference; lastKnownFileType = sourcecode.swift; path = GFTitleLabel.swift; sourceTree = "<group>"; };
		659DBD4E2B66898D00B0D936 /* GFBodyLabel.swift */ = {isa = PBXFileReference; lastKnownFileType = sourcecode.swift; path = GFBodyLabel.swift; sourceTree = "<group>"; };
		659DBD502B668A7300B0D936 /* GFAlertVC.swift */ = {isa = PBXFileReference; lastKnownFileType = sourcecode.swift; path = GFAlertVC.swift; sourceTree = "<group>"; };
		659DBD522B6690B400B0D936 /* UIViewController+Ext.swift */ = {isa = PBXFileReference; lastKnownFileType = sourcecode.swift; path = "UIViewController+Ext.swift"; sourceTree = "<group>"; };
		659DBD5A2B66DE7700B0D936 /* Follower.swift */ = {isa = PBXFileReference; lastKnownFileType = sourcecode.swift; path = Follower.swift; sourceTree = "<group>"; };
		659DBD5C2B66DF3800B0D936 /* User.swift */ = {isa = PBXFileReference; lastKnownFileType = sourcecode.swift; path = User.swift; sourceTree = "<group>"; };
		65FB96C62B77C5B7001D4145 /* ErrorMessage.swift */ = {isa = PBXFileReference; lastKnownFileType = sourcecode.swift; path = ErrorMessage.swift; sourceTree = "<group>"; };
		65FB96C92B782B94001D4145 /* FollowerCell.swift */ = {isa = PBXFileReference; lastKnownFileType = sourcecode.swift; path = FollowerCell.swift; sourceTree = "<group>"; };
		65FB96CB2B782C13001D4145 /* GFAvatarImageView.swift */ = {isa = PBXFileReference; lastKnownFileType = sourcecode.swift; path = GFAvatarImageView.swift; sourceTree = "<group>"; };
		65FB96CD2B78DE46001D4145 /* UIHelper.swift */ = {isa = PBXFileReference; lastKnownFileType = sourcecode.swift; path = UIHelper.swift; sourceTree = "<group>"; };
/* End PBXFileReference section */

/* Begin PBXFrameworksBuildPhase section */
		6591105F2B646FE7003D7713 /* Frameworks */ = {
			isa = PBXFrameworksBuildPhase;
			buildActionMask = 2147483647;
			files = (
			);
			runOnlyForDeploymentPostprocessing = 0;
		};
/* End PBXFrameworksBuildPhase section */

/* Begin PBXGroup section */
		6538F36E2B6FEE6500360E18 /* Manager */ = {
			isa = PBXGroup;
			children = (
				6538F36F2B6FEE9400360E18 /* NetworkManager.swift */,
			);
			path = Manager;
			sourceTree = "<group>";
		};
		659110592B646FE7003D7713 = {
			isa = PBXGroup;
			children = (
				659110642B646FE7003D7713 /* GitHub Followers */,
				659110632B646FE7003D7713 /* Products */,
			);
			sourceTree = "<group>";
		};
		659110632B646FE7003D7713 /* Products */ = {
			isa = PBXGroup;
			children = (
				659110622B646FE7003D7713 /* GitHub Followers.app */,
			);
			name = Products;
			sourceTree = "<group>";
		};
		659110642B646FE7003D7713 /* GitHub Followers */ = {
			isa = PBXGroup;
			children = (
				65FB96C52B77C58D001D4145 /* Utilities */,
				6538F36E2B6FEE6500360E18 /* Manager */,
				659DBD592B66DE6B00B0D936 /* Model */,
				659DBD552B66D95B00B0D936 /* Custom Views */,
				659DBD542B66D91D00B0D936 /* Screen */,
				659DBD572B66D99E00B0D936 /* Extensions */,
				659DBD582B66DA1200B0D936 /* Support */,
			);
			path = "GitHub Followers";
			sourceTree = "<group>";
		};
		659DBD542B66D91D00B0D936 /* Screen */ = {
			isa = PBXGroup;
			children = (
				659110792B6476F7003D7713 /* SearchVC.swift */,
				659DBD472B667F3600B0D936 /* FollowersListVC.swift */,
				6591107B2B64771E003D7713 /* FavoritesListVC.swift */,
			);
			path = Screen;
			sourceTree = "<group>";
		};
		659DBD552B66D95B00B0D936 /* Custom Views */ = {
			isa = PBXGroup;
			children = (
				659DBD562B66D99000B0D936 /* Label */,
				65FB96C82B782B74001D4145 /* Cell */,
				659DBD502B668A7300B0D936 /* GFAlertVC.swift */,
				6555E3CD2B65AAC60000FBD3 /* GFButton.swift */,
				6555E3CF2B65ADB40000FBD3 /* GFTextField.swift */,
				65FB96CB2B782C13001D4145 /* GFAvatarImageView.swift */,
			);
			path = "Custom Views";
			sourceTree = "<group>";
		};
		659DBD562B66D99000B0D936 /* Label */ = {
			isa = PBXGroup;
			children = (
				659DBD4C2B66879900B0D936 /* GFTitleLabel.swift */,
				659DBD4E2B66898D00B0D936 /* GFBodyLabel.swift */,
			);
			path = Label;
			sourceTree = "<group>";
		};
		659DBD572B66D99E00B0D936 /* Extensions */ = {
			isa = PBXGroup;
			children = (
				659DBD522B6690B400B0D936 /* UIViewController+Ext.swift */,
			);
			path = Extensions;
			sourceTree = "<group>";
		};
		659DBD582B66DA1200B0D936 /* Support */ = {
			isa = PBXGroup;
			children = (
				659110732B646FE8003D7713 /* Info.plist */,
				6591106E2B646FE8003D7713 /* Assets.xcassets */,
				659110652B646FE7003D7713 /* AppDelegate.swift */,
				659110672B646FE7003D7713 /* SceneDelegate.swift */,
			);
			path = Support;
			sourceTree = "<group>";
		};
		659DBD592B66DE6B00B0D936 /* Model */ = {
			isa = PBXGroup;
			children = (
				659DBD5A2B66DE7700B0D936 /* Follower.swift */,
				659DBD5C2B66DF3800B0D936 /* User.swift */,
			);
			path = Model;
			sourceTree = "<group>";
		};
		65FB96C52B77C58D001D4145 /* Utilities */ = {
			isa = PBXGroup;
			children = (
				65FB96C62B77C5B7001D4145 /* ErrorMessage.swift */,
				65FB96CD2B78DE46001D4145 /* UIHelper.swift */,
			);
			path = Utilities;
			sourceTree = "<group>";
		};
		65FB96C82B782B74001D4145 /* Cell */ = {
			isa = PBXGroup;
			children = (
				65FB96C92B782B94001D4145 /* FollowerCell.swift */,
			);
			path = Cell;
			sourceTree = "<group>";
		};
/* End PBXGroup section */

/* Begin PBXNativeTarget section */
		659110612B646FE7003D7713 /* GitHub Followers */ = {
			isa = PBXNativeTarget;
			buildConfigurationList = 659110762B646FE8003D7713 /* Build configuration list for PBXNativeTarget "GitHub Followers" */;
			buildPhases = (
				6591105E2B646FE7003D7713 /* Sources */,
				6591105F2B646FE7003D7713 /* Frameworks */,
				659110602B646FE7003D7713 /* Resources */,
			);
			buildRules = (
			);
			dependencies = (
			);
			name = "GitHub Followers";
			productName = "GitHub Followers";
			productReference = 659110622B646FE7003D7713 /* GitHub Followers.app */;
			productType = "com.apple.product-type.application";
		};
/* End PBXNativeTarget section */

/* Begin PBXProject section */
		6591105A2B646FE7003D7713 /* Project object */ = {
			isa = PBXProject;
			attributes = {
				BuildIndependentTargetsInParallel = 1;
				LastSwiftUpdateCheck = 1500;
				LastUpgradeCheck = 1500;
				TargetAttributes = {
					659110612B646FE7003D7713 = {
						CreatedOnToolsVersion = 15.0;
					};
				};
			};
			buildConfigurationList = 6591105D2B646FE7003D7713 /* Build configuration list for PBXProject "GitHub Followers" */;
			compatibilityVersion = "Xcode 14.0";
			developmentRegion = en;
			hasScannedForEncodings = 0;
			knownRegions = (
				en,
				Base,
			);
			mainGroup = 659110592B646FE7003D7713;
			productRefGroup = 659110632B646FE7003D7713 /* Products */;
			projectDirPath = "";
			projectRoot = "";
			targets = (
				659110612B646FE7003D7713 /* GitHub Followers */,
			);
		};
/* End PBXProject section */

/* Begin PBXResourcesBuildPhase section */
		659110602B646FE7003D7713 /* Resources */ = {
			isa = PBXResourcesBuildPhase;
			buildActionMask = 2147483647;
			files = (
				6591106F2B646FE8003D7713 /* Assets.xcassets in Resources */,
			);
			runOnlyForDeploymentPostprocessing = 0;
		};
/* End PBXResourcesBuildPhase section */

/* Begin PBXSourcesBuildPhase section */
		6591105E2B646FE7003D7713 /* Sources */ = {
			isa = PBXSourcesBuildPhase;
			buildActionMask = 2147483647;
			files = (
				659DBD5D2B66DF3800B0D936 /* User.swift in Sources */,
				6555E3D02B65ADB40000FBD3 /* GFTextField.swift in Sources */,
				659DBD482B667F3600B0D936 /* FollowersListVC.swift in Sources */,
				6591107C2B64771E003D7713 /* FavoritesListVC.swift in Sources */,
				659DBD532B6690B400B0D936 /* UIViewController+Ext.swift in Sources */,
				65FB96CE2B78DE46001D4145 /* UIHelper.swift in Sources */,
				65FB96CC2B782C13001D4145 /* GFAvatarImageView.swift in Sources */,
				6555E3CE2B65AAC60000FBD3 /* GFButton.swift in Sources */,
				659DBD512B668A7300B0D936 /* GFAlertVC.swift in Sources */,
				65FB96CA2B782B94001D4145 /* FollowerCell.swift in Sources */,
				65FB96C72B77C5B7001D4145 /* ErrorMessage.swift in Sources */,
				659DBD4F2B66898D00B0D936 /* GFBodyLabel.swift in Sources */,
				659DBD5B2B66DE7700B0D936 /* Follower.swift in Sources */,
				659DBD4D2B66879900B0D936 /* GFTitleLabel.swift in Sources */,
				6538F3702B6FEE9400360E18 /* NetworkManager.swift in Sources */,
				6591107A2B6476F7003D7713 /* SearchVC.swift in Sources */,
				659110662B646FE7003D7713 /* AppDelegate.swift in Sources */,
				659110682B646FE7003D7713 /* SceneDelegate.swift in Sources */,
			);
			runOnlyForDeploymentPostprocessing = 0;
		};
/* End PBXSourcesBuildPhase section */

/* Begin XCBuildConfiguration section */
		659110742B646FE8003D7713 /* Debug */ = {
			isa = XCBuildConfiguration;
			buildSettings = {
				ALWAYS_SEARCH_USER_PATHS = NO;
				ASSETCATALOG_COMPILER_GENERATE_SWIFT_ASSET_SYMBOL_EXTENSIONS = YES;
				CLANG_ANALYZER_NONNULL = YES;
				CLANG_ANALYZER_NUMBER_OBJECT_CONVERSION = YES_AGGRESSIVE;
				CLANG_CXX_LANGUAGE_STANDARD = "gnu++20";
				CLANG_ENABLE_MODULES = YES;
				CLANG_ENABLE_OBJC_ARC = YES;
				CLANG_ENABLE_OBJC_WEAK = YES;
				CLANG_WARN_BLOCK_CAPTURE_AUTORELEASING = YES;
				CLANG_WARN_BOOL_CONVERSION = YES;
				CLANG_WARN_COMMA = YES;
				CLANG_WARN_CONSTANT_CONVERSION = YES;
				CLANG_WARN_DEPRECATED_OBJC_IMPLEMENTATIONS = YES;
				CLANG_WARN_DIRECT_OBJC_ISA_USAGE = YES_ERROR;
				CLANG_WARN_DOCUMENTATION_COMMENTS = YES;
				CLANG_WARN_EMPTY_BODY = YES;
				CLANG_WARN_ENUM_CONVERSION = YES;
				CLANG_WARN_INFINITE_RECURSION = YES;
				CLANG_WARN_INT_CONVERSION = YES;
				CLANG_WARN_NON_LITERAL_NULL_CONVERSION = YES;
				CLANG_WARN_OBJC_IMPLICIT_RETAIN_SELF = YES;
				CLANG_WARN_OBJC_LITERAL_CONVERSION = YES;
				CLANG_WARN_OBJC_ROOT_CLASS = YES_ERROR;
				CLANG_WARN_QUOTED_INCLUDE_IN_FRAMEWORK_HEADER = YES;
				CLANG_WARN_RANGE_LOOP_ANALYSIS = YES;
				CLANG_WARN_STRICT_PROTOTYPES = YES;
				CLANG_WARN_SUSPICIOUS_MOVE = YES;
				CLANG_WARN_UNGUARDED_AVAILABILITY = YES_AGGRESSIVE;
				CLANG_WARN_UNREACHABLE_CODE = YES;
				CLANG_WARN__DUPLICATE_METHOD_MATCH = YES;
				COPY_PHASE_STRIP = NO;
				DEBUG_INFORMATION_FORMAT = dwarf;
				ENABLE_STRICT_OBJC_MSGSEND = YES;
				ENABLE_TESTABILITY = YES;
				ENABLE_USER_SCRIPT_SANDBOXING = YES;
				GCC_C_LANGUAGE_STANDARD = gnu17;
				GCC_DYNAMIC_NO_PIC = NO;
				GCC_NO_COMMON_BLOCKS = YES;
				GCC_OPTIMIZATION_LEVEL = 0;
				GCC_PREPROCESSOR_DEFINITIONS = (
					"DEBUG=1",
					"$(inherited)",
				);
				GCC_WARN_64_TO_32_BIT_CONVERSION = YES;
				GCC_WARN_ABOUT_RETURN_TYPE = YES_ERROR;
				GCC_WARN_UNDECLARED_SELECTOR = YES;
				GCC_WARN_UNINITIALIZED_AUTOS = YES_AGGRESSIVE;
				GCC_WARN_UNUSED_FUNCTION = YES;
				GCC_WARN_UNUSED_VARIABLE = YES;
				IPHONEOS_DEPLOYMENT_TARGET = 17.0;
				LOCALIZATION_PREFERS_STRING_CATALOGS = YES;
				MTL_ENABLE_DEBUG_INFO = INCLUDE_SOURCE;
				MTL_FAST_MATH = YES;
				ONLY_ACTIVE_ARCH = YES;
				SDKROOT = iphoneos;
				SWIFT_ACTIVE_COMPILATION_CONDITIONS = "DEBUG $(inherited)";
				SWIFT_OPTIMIZATION_LEVEL = "-Onone";
			};
			name = Debug;
		};
		659110752B646FE8003D7713 /* Release */ = {
			isa = XCBuildConfiguration;
			buildSettings = {
				ALWAYS_SEARCH_USER_PATHS = NO;
				ASSETCATALOG_COMPILER_GENERATE_SWIFT_ASSET_SYMBOL_EXTENSIONS = YES;
				CLANG_ANALYZER_NONNULL = YES;
				CLANG_ANALYZER_NUMBER_OBJECT_CONVERSION = YES_AGGRESSIVE;
				CLANG_CXX_LANGUAGE_STANDARD = "gnu++20";
				CLANG_ENABLE_MODULES = YES;
				CLANG_ENABLE_OBJC_ARC = YES;
				CLANG_ENABLE_OBJC_WEAK = YES;
				CLANG_WARN_BLOCK_CAPTURE_AUTORELEASING = YES;
				CLANG_WARN_BOOL_CONVERSION = YES;
				CLANG_WARN_COMMA = YES;
				CLANG_WARN_CONSTANT_CONVERSION = YES;
				CLANG_WARN_DEPRECATED_OBJC_IMPLEMENTATIONS = YES;
				CLANG_WARN_DIRECT_OBJC_ISA_USAGE = YES_ERROR;
				CLANG_WARN_DOCUMENTATION_COMMENTS = YES;
				CLANG_WARN_EMPTY_BODY = YES;
				CLANG_WARN_ENUM_CONVERSION = YES;
				CLANG_WARN_INFINITE_RECURSION = YES;
				CLANG_WARN_INT_CONVERSION = YES;
				CLANG_WARN_NON_LITERAL_NULL_CONVERSION = YES;
				CLANG_WARN_OBJC_IMPLICIT_RETAIN_SELF = YES;
				CLANG_WARN_OBJC_LITERAL_CONVERSION = YES;
				CLANG_WARN_OBJC_ROOT_CLASS = YES_ERROR;
				CLANG_WARN_QUOTED_INCLUDE_IN_FRAMEWORK_HEADER = YES;
				CLANG_WARN_RANGE_LOOP_ANALYSIS = YES;
				CLANG_WARN_STRICT_PROTOTYPES = YES;
				CLANG_WARN_SUSPICIOUS_MOVE = YES;
				CLANG_WARN_UNGUARDED_AVAILABILITY = YES_AGGRESSIVE;
				CLANG_WARN_UNREACHABLE_CODE = YES;
				CLANG_WARN__DUPLICATE_METHOD_MATCH = YES;
				COPY_PHASE_STRIP = NO;
				DEBUG_INFORMATION_FORMAT = "dwarf-with-dsym";
				ENABLE_NS_ASSERTIONS = NO;
				ENABLE_STRICT_OBJC_MSGSEND = YES;
				ENABLE_USER_SCRIPT_SANDBOXING = YES;
				GCC_C_LANGUAGE_STANDARD = gnu17;
				GCC_NO_COMMON_BLOCKS = YES;
				GCC_WARN_64_TO_32_BIT_CONVERSION = YES;
				GCC_WARN_ABOUT_RETURN_TYPE = YES_ERROR;
				GCC_WARN_UNDECLARED_SELECTOR = YES;
				GCC_WARN_UNINITIALIZED_AUTOS = YES_AGGRESSIVE;
				GCC_WARN_UNUSED_FUNCTION = YES;
				GCC_WARN_UNUSED_VARIABLE = YES;
				IPHONEOS_DEPLOYMENT_TARGET = 17.0;
				LOCALIZATION_PREFERS_STRING_CATALOGS = YES;
				MTL_ENABLE_DEBUG_INFO = NO;
				MTL_FAST_MATH = YES;
				SDKROOT = iphoneos;
				SWIFT_COMPILATION_MODE = wholemodule;
				VALIDATE_PRODUCT = YES;
			};
			name = Release;
		};
		659110772B646FE8003D7713 /* Debug */ = {
			isa = XCBuildConfiguration;
			buildSettings = {
				ASSETCATALOG_COMPILER_APPICON_NAME = AppIcon;
				ASSETCATALOG_COMPILER_GLOBAL_ACCENT_COLOR_NAME = AccentColor;
				CODE_SIGN_STYLE = Automatic;
				CURRENT_PROJECT_VERSION = 1;
				DEVELOPMENT_TEAM = Y9XJT8FRMC;
				GENERATE_INFOPLIST_FILE = YES;
				INFOPLIST_FILE = "GitHub Followers/Support/Info.plist";
				INFOPLIST_KEY_UIApplicationSupportsIndirectInputEvents = YES;
				INFOPLIST_KEY_UILaunchStoryboardName = LaunchScreen;
				INFOPLIST_KEY_UISupportedInterfaceOrientations_iPad = "UIInterfaceOrientationPortrait UIInterfaceOrientationPortraitUpsideDown UIInterfaceOrientationLandscapeLeft UIInterfaceOrientationLandscapeRight";
				INFOPLIST_KEY_UISupportedInterfaceOrientations_iPhone = "UIInterfaceOrientationPortrait UIInterfaceOrientationLandscapeLeft UIInterfaceOrientationLandscapeRight";
				LD_RUNPATH_SEARCH_PATHS = (
					"$(inherited)",
					"@executable_path/Frameworks",
				);
				MARKETING_VERSION = 1.0;
				PRODUCT_BUNDLE_IDENTIFIER = "com.furkancingoz.GitHub-Followers";
				PRODUCT_NAME = "$(TARGET_NAME)";
				SWIFT_EMIT_LOC_STRINGS = YES;
				SWIFT_VERSION = 5.0;
				TARGETED_DEVICE_FAMILY = "1,2";
			};
			name = Debug;
		};
		659110782B646FE8003D7713 /* Release */ = {
			isa = XCBuildConfiguration;
			buildSettings = {
				ASSETCATALOG_COMPILER_APPICON_NAME = AppIcon;
				ASSETCATALOG_COMPILER_GLOBAL_ACCENT_COLOR_NAME = AccentColor;
				CODE_SIGN_STYLE = Automatic;
				CURRENT_PROJECT_VERSION = 1;
				DEVELOPMENT_TEAM = Y9XJT8FRMC;
				GENERATE_INFOPLIST_FILE = YES;
				INFOPLIST_FILE = "GitHub Followers/Support/Info.plist";
				INFOPLIST_KEY_UIApplicationSupportsIndirectInputEvents = YES;
				INFOPLIST_KEY_UILaunchStoryboardName = LaunchScreen;
				INFOPLIST_KEY_UISupportedInterfaceOrientations_iPad = "UIInterfaceOrientationPortrait UIInterfaceOrientationPortraitUpsideDown UIInterfaceOrientationLandscapeLeft UIInterfaceOrientationLandscapeRight";
				INFOPLIST_KEY_UISupportedInterfaceOrientations_iPhone = "UIInterfaceOrientationPortrait UIInterfaceOrientationLandscapeLeft UIInterfaceOrientationLandscapeRight";
				LD_RUNPATH_SEARCH_PATHS = (
					"$(inherited)",
					"@executable_path/Frameworks",
				);
				MARKETING_VERSION = 1.0;
				PRODUCT_BUNDLE_IDENTIFIER = "com.furkancingoz.GitHub-Followers";
				PRODUCT_NAME = "$(TARGET_NAME)";
				SWIFT_EMIT_LOC_STRINGS = YES;
				SWIFT_VERSION = 5.0;
				TARGETED_DEVICE_FAMILY = "1,2";
			};
			name = Release;
		};
/* End XCBuildConfiguration section */

/* Begin XCConfigurationList section */
		6591105D2B646FE7003D7713 /* Build configuration list for PBXProject "GitHub Followers" */ = {
			isa = XCConfigurationList;
			buildConfigurations = (
				659110742B646FE8003D7713 /* Debug */,
				659110752B646FE8003D7713 /* Release */,
			);
			defaultConfigurationIsVisible = 0;
			defaultConfigurationName = Release;
		};
		659110762B646FE8003D7713 /* Build configuration list for PBXNativeTarget "GitHub Followers" */ = {
			isa = XCConfigurationList;
			buildConfigurations = (
				659110772B646FE8003D7713 /* Debug */,
				659110782B646FE8003D7713 /* Release */,
			);
			defaultConfigurationIsVisible = 0;
			defaultConfigurationName = Release;
		};
/* End XCConfigurationList section */
	};
	rootObject = 6591105A2B646FE7003D7713 /* Project object */;
}
